{
  "name": "rock-paper-scissors-project",
  "lockfileVersion": 3,
  "requires": true,
  "packages": {
    "": {
      "dependencies": {
        "@lottiefiles/dotlottie-web": "^0.53.1"
      }
    },
    "node_modules/@lottiefiles/dotlottie-web": {
      "version": "0.53.1",
      "resolved": "https://registry.npmjs.org/@lottiefiles/dotlottie-web/-/dotlottie-web-0.53.1.tgz",
      "integrity": "sha512-UDm4ANdeO+Vq47c6idU7x4kQAX2AohF6ynRvmsGnT2GRXYpTa7p4VZYmesvhWqahEWUD7qZq6hPy2CXna8wt9g==",
      "license": "MIT"
    }
  }
}
